
Microsoft Visual Studio Solution File, Format Version 12.00
# Visual Studio Version 17
VisualStudioVersion = 17.7.34202.233
MinimumVisualStudioVersion = 10.0.40219.1
Project("{FAE04EC0-301F-11D3-BF4B-00C04F79EFBC}") = "Doctor3Tier", "Doctor3Tier\Doctor3Tier.csproj", "{4766C1CB-0879-4DB4-8070-683FEABF0A8E}"
EndProject
Global
	GlobalSection(SolutionConfigurationPlatforms) = preSolution
		Debug|Any CPU = Debug|Any CPU
		Release|Any CPU = Release|Any CPU
	EndGlobalSection
	GlobalSection(ProjectConfigurationPlatforms) = postSolution
		{4766C1CB-0879-4DB4-8070-683FEABF0A8E}.Debug|Any CPU.ActiveCfg = Debug|Any CPU
		{4766C1CB-0879-4DB4-8070-683FEABF0A8E}.Debug|Any CPU.Build.0 = Debug|Any CPU
		{4766C1CB-0879-4DB4-8070-683FEABF0A8E}.Release|Any CPU.ActiveCfg = Release|Any CPU
		{4766C1CB-0879-4DB4-8070-683FEABF0A8E}.Release|Any CPU.Build.0 = Release|Any CPU
	EndGlobalSection
	GlobalSection(SolutionProperties) = preSolution
		HideSolutionNode = FALSE
	EndGlobalSection
	GlobalSection(ExtensibilityGlobals) = postSolution
		SolutionGuid = {30E271BD-A045-400C-9E7F-DEDE7C1933A6}
	EndGlobalSection
EndGlobal
