
Microsoft Visual Studio Solution File, Format Version 12.00
# Visual Studio Version 17
VisualStudioVersion = 17.7.34202.233
MinimumVisualStudioVersion = 10.0.40219.1
Project("{FAE04EC0-301F-11D3-BF4B-00C04F79EFBC}") = "shopApp", "shopApp\shopApp.csproj", "{6F8E206F-60D2-41B6-AE75-E0DB9296E181}"
EndProject
Project("{FAE04EC0-301F-11D3-BF4B-00C04F79EFBC}") = "ShoppingModelLibrary", "ShopingModelLibrary\ShoppingModelLibrary.csproj", "{58E82C21-B096-4D42-A170-C11D49098BC0}"
EndProject
Project("{FAE04EC0-301F-11D3-BF4B-00C04F79EFBC}") = "ShoppingDALLibrary", "ShoppingDALLibrary\ShoppingDALLibrary.csproj", "{91AB9423-6B40-4984-8C7E-FD8CF74FAE45}"
EndProject
Global
	GlobalSection(SolutionConfigurationPlatforms) = preSolution
		Debug|Any CPU = Debug|Any CPU
		Release|Any CPU = Release|Any CPU
	EndGlobalSection
	GlobalSection(ProjectConfigurationPlatforms) = postSolution
		{6F8E206F-60D2-41B6-AE75-E0DB9296E181}.Debug|Any CPU.ActiveCfg = Debug|Any CPU
		{6F8E206F-60D2-41B6-AE75-E0DB9296E181}.Debug|Any CPU.Build.0 = Debug|Any CPU
		{6F8E206F-60D2-41B6-AE75-E0DB9296E181}.Release|Any CPU.ActiveCfg = Release|Any CPU
		{6F8E206F-60D2-41B6-AE75-E0DB9296E181}.Release|Any CPU.Build.0 = Release|Any CPU
		{58E82C21-B096-4D42-A170-C11D49098BC0}.Debug|Any CPU.ActiveCfg = Debug|Any CPU
		{58E82C21-B096-4D42-A170-C11D49098BC0}.Debug|Any CPU.Build.0 = Debug|Any CPU
		{58E82C21-B096-4D42-A170-C11D49098BC0}.Release|Any CPU.ActiveCfg = Release|Any CPU
		{58E82C21-B096-4D42-A170-C11D49098BC0}.Release|Any CPU.Build.0 = Release|Any CPU
		{91AB9423-6B40-4984-8C7E-FD8CF74FAE45}.Debug|Any CPU.ActiveCfg = Debug|Any CPU
		{91AB9423-6B40-4984-8C7E-FD8CF74FAE45}.Debug|Any CPU.Build.0 = Debug|Any CPU
		{91AB9423-6B40-4984-8C7E-FD8CF74FAE45}.Release|Any CPU.ActiveCfg = Release|Any CPU
		{91AB9423-6B40-4984-8C7E-FD8CF74FAE45}.Release|Any CPU.Build.0 = Release|Any CPU
	EndGlobalSection
	GlobalSection(SolutionProperties) = preSolution
		HideSolutionNode = FALSE
	EndGlobalSection
	GlobalSection(ExtensibilityGlobals) = postSolution
		SolutionGuid = {FB51989A-A74A-4488-B66F-7E709338A098}
	EndGlobalSection
EndGlobal
